// !$*UTF8*$!
{
	archiveVersion = 1;
	classes = {
	};
	objectVersion = 56;
	objects = {

/* Begin PBXBuildFile section */
		BF262FF22C04281700ACCD6B /* Home.swift in Sources */ = {isa = PBXBuildFile; fileRef = BF262FF12C04281700ACCD6B /* Home.swift */; };
		BF8025DE2BFDE54300E450F6 /* StopWatchViewModel.swift in Sources */ = {isa = PBXBuildFile; fileRef = BF8025DD2BFDE54300E450F6 /* StopWatchViewModel.swift */; };
		BF8025DF2BFDE54300E450F6 /* StopWatchViewModel.swift in Sources */ = {isa = PBXBuildFile; fileRef = BF8025DD2BFDE54300E450F6 /* StopWatchViewModel.swift */; };
		BF8E47562C030C55007488D2 /* Router.swift in Sources */ = {isa = PBXBuildFile; fileRef = BF8E47552C030C55007488D2 /* Router.swift */; };
		BF8E47572C030C55007488D2 /* Router.swift in Sources */ = {isa = PBXBuildFile; fileRef = BF8E47552C030C55007488D2 /* Router.swift */; };
		BF8E475C2C030DC9007488D2 /* Summary.swift in Sources */ = {isa = PBXBuildFile; fileRef = BF8E475B2C030DC9007488D2 /* Summary.swift */; };
		BF8E475D2C030DC9007488D2 /* Summary.swift in Sources */ = {isa = PBXBuildFile; fileRef = BF8E475B2C030DC9007488D2 /* Summary.swift */; };
		BF8E475F2C030DF3007488D2 /* Warning.swift in Sources */ = {isa = PBXBuildFile; fileRef = BF8E475E2C030DF3007488D2 /* Warning.swift */; };
		BF8E47602C030DF3007488D2 /* Warning.swift in Sources */ = {isa = PBXBuildFile; fileRef = BF8E475E2C030DF3007488D2 /* Warning.swift */; };
		BF8E47622C030E15007488D2 /* WeeklyExposure.swift in Sources */ = {isa = PBXBuildFile; fileRef = BF8E47612C030E15007488D2 /* WeeklyExposure.swift */; };
		BF8E47632C030E15007488D2 /* WeeklyExposure.swift in Sources */ = {isa = PBXBuildFile; fileRef = BF8E47612C030E15007488D2 /* WeeklyExposure.swift */; };
		BF8E47652C0321B9007488D2 /* StopWatch.swift in Sources */ = {isa = PBXBuildFile; fileRef = BF8E47642C0321B9007488D2 /* StopWatch.swift */; };
		BF8E47662C0321B9007488D2 /* StopWatch.swift in Sources */ = {isa = PBXBuildFile; fileRef = BF8E47642C0321B9007488D2 /* StopWatch.swift */; };
		BF9CFB312BF5E55F00D67492 /* HealthManager.swift in Sources */ = {isa = PBXBuildFile; fileRef = BF9CFB302BF5E55F00D67492 /* HealthManager.swift */; };
		BF9CFB322BF5E55F00D67492 /* HealthManager.swift in Sources */ = {isa = PBXBuildFile; fileRef = BF9CFB302BF5E55F00D67492 /* HealthManager.swift */; };
		BFBA80862BF5107C000FE46B /* SafEarApp.swift in Sources */ = {isa = PBXBuildFile; fileRef = BFBA80852BF5107C000FE46B /* SafEarApp.swift */; };
		BFBA80882BF5107C000FE46B /* ContentView.swift in Sources */ = {isa = PBXBuildFile; fileRef = BFBA80872BF5107C000FE46B /* ContentView.swift */; };
		BFBA808A2BF5107C000FE46B /* Assets.xcassets in Resources */ = {isa = PBXBuildFile; fileRef = BFBA80892BF5107C000FE46B /* Assets.xcassets */; };
		BFBA808D2BF5107C000FE46B /* Preview Assets.xcassets in Resources */ = {isa = PBXBuildFile; fileRef = BFBA808C2BF5107C000FE46B /* Preview Assets.xcassets */; };
		BFBA80932BF5107C000FE46B /* SafEar Watch App.app in Embed Watch Content */ = {isa = PBXBuildFile; fileRef = BFBA80922BF5107C000FE46B /* SafEar Watch App.app */; settings = {ATTRIBUTES = (RemoveHeadersOnCopy, ); }; };
		BFBA80982BF5107C000FE46B /* SafEarApp.swift in Sources */ = {isa = PBXBuildFile; fileRef = BFBA80972BF5107C000FE46B /* SafEarApp.swift */; };
		BFBA809A2BF5107C000FE46B /* ContentView.swift in Sources */ = {isa = PBXBuildFile; fileRef = BFBA80992BF5107C000FE46B /* ContentView.swift */; };
		BFBA809C2BF5107D000FE46B /* Assets.xcassets in Resources */ = {isa = PBXBuildFile; fileRef = BFBA809B2BF5107D000FE46B /* Assets.xcassets */; };
		BFBA809F2BF5107D000FE46B /* Preview Assets.xcassets in Resources */ = {isa = PBXBuildFile; fileRef = BFBA809E2BF5107D000FE46B /* Preview Assets.xcassets */; };
		BFCFCBE02C0364C1004129C7 /* ProgressBarView.swift in Sources */ = {isa = PBXBuildFile; fileRef = BFCFCBDF2C0364C1004129C7 /* ProgressBarView.swift */; };
		BFCFCBE12C0364C1004129C7 /* ProgressBarView.swift in Sources */ = {isa = PBXBuildFile; fileRef = BFCFCBDF2C0364C1004129C7 /* ProgressBarView.swift */; };
		BFF13FD62C01B460008C92AF /* AudioMonitor.swift in Sources */ = {isa = PBXBuildFile; fileRef = BFF13FD52C01B460008C92AF /* AudioMonitor.swift */; };
		BFF13FEB2C01CD32008C92AF /* AudioOutputMonitor.m in Sources */ = {isa = PBXBuildFile; fileRef = BFF13FEA2C01CD32008C92AF /* AudioOutputMonitor.m */; };
/* End PBXBuildFile section */

/* Begin PBXContainerItemProxy section */
		BFBA80942BF5107C000FE46B /* PBXContainerItemProxy */ = {
			isa = PBXContainerItemProxy;
			containerPortal = BFBA807A2BF5107B000FE46B /* Project object */;
			proxyType = 1;
			remoteGlobalIDString = BFBA80912BF5107C000FE46B;
			remoteInfo = "SafEar Watch App";
		};
/* End PBXContainerItemProxy section */

/* Begin PBXCopyFilesBuildPhase section */
		BFBA80A52BF5107D000FE46B /* Embed Watch Content */ = {
			isa = PBXCopyFilesBuildPhase;
			buildActionMask = 2147483647;
			dstPath = "$(CONTENTS_FOLDER_PATH)/Watch";
			dstSubfolderSpec = 16;
			files = (
				BFBA80932BF5107C000FE46B /* SafEar Watch App.app in Embed Watch Content */,
			);
			name = "Embed Watch Content";
			runOnlyForDeploymentPostprocessing = 0;
		};
/* End PBXCopyFilesBuildPhase section */

/* Begin PBXFileReference section */
		BF0403972BFA37AB00D20D32 /* Info.plist */ = {isa = PBXFileReference; lastKnownFileType = text.plist; path = Info.plist; sourceTree = "<group>"; };
		BF262FF12C04281700ACCD6B /* Home.swift */ = {isa = PBXFileReference; lastKnownFileType = sourcecode.swift; path = Home.swift; sourceTree = "<group>"; };
		BF8025DD2BFDE54300E450F6 /* StopWatchViewModel.swift */ = {isa = PBXFileReference; lastKnownFileType = sourcecode.swift; path = StopWatchViewModel.swift; sourceTree = "<group>"; };
		BF8E47552C030C55007488D2 /* Router.swift */ = {isa = PBXFileReference; lastKnownFileType = sourcecode.swift; path = Router.swift; sourceTree = "<group>"; };
		BF8E475B2C030DC9007488D2 /* Summary.swift */ = {isa = PBXFileReference; lastKnownFileType = sourcecode.swift; path = Summary.swift; sourceTree = "<group>"; };
		BF8E475E2C030DF3007488D2 /* Warning.swift */ = {isa = PBXFileReference; lastKnownFileType = sourcecode.swift; path = Warning.swift; sourceTree = "<group>"; };
		BF8E47612C030E15007488D2 /* WeeklyExposure.swift */ = {isa = PBXFileReference; lastKnownFileType = sourcecode.swift; path = WeeklyExposure.swift; sourceTree = "<group>"; };
		BF8E47642C0321B9007488D2 /* StopWatch.swift */ = {isa = PBXFileReference; lastKnownFileType = sourcecode.swift; path = StopWatch.swift; sourceTree = "<group>"; };
		BF9CFB302BF5E55F00D67492 /* HealthManager.swift */ = {isa = PBXFileReference; lastKnownFileType = sourcecode.swift; path = HealthManager.swift; sourceTree = "<group>"; };
		BF9CFB332BF5E5C700D67492 /* SafEar Watch App.entitlements */ = {isa = PBXFileReference; lastKnownFileType = text.plist.entitlements; path = "SafEar Watch App.entitlements"; sourceTree = "<group>"; };
		BF9CFB342BF5E5D300D67492 /* SafEar.entitlements */ = {isa = PBXFileReference; lastKnownFileType = text.plist.entitlements; path = SafEar.entitlements; sourceTree = "<group>"; };
		BFBA80822BF5107C000FE46B /* SafEar.app */ = {isa = PBXFileReference; explicitFileType = wrapper.application; includeInIndex = 0; path = SafEar.app; sourceTree = BUILT_PRODUCTS_DIR; };
		BFBA80852BF5107C000FE46B /* SafEarApp.swift */ = {isa = PBXFileReference; lastKnownFileType = sourcecode.swift; path = SafEarApp.swift; sourceTree = "<group>"; };
		BFBA80872BF5107C000FE46B /* ContentView.swift */ = {isa = PBXFileReference; lastKnownFileType = sourcecode.swift; path = ContentView.swift; sourceTree = "<group>"; };
		BFBA80892BF5107C000FE46B /* Assets.xcassets */ = {isa = PBXFileReference; lastKnownFileType = folder.assetcatalog; path = Assets.xcassets; sourceTree = "<group>"; };
		BFBA808C2BF5107C000FE46B /* Preview Assets.xcassets */ = {isa = PBXFileReference; lastKnownFileType = folder.assetcatalog; path = "Preview Assets.xcassets"; sourceTree = "<group>"; };
		BFBA80922BF5107C000FE46B /* SafEar Watch App.app */ = {isa = PBXFileReference; explicitFileType = wrapper.application; includeInIndex = 0; path = "SafEar Watch App.app"; sourceTree = BUILT_PRODUCTS_DIR; };
		BFBA80972BF5107C000FE46B /* SafEarApp.swift */ = {isa = PBXFileReference; lastKnownFileType = sourcecode.swift; path = SafEarApp.swift; sourceTree = "<group>"; };
		BFBA80992BF5107C000FE46B /* ContentView.swift */ = {isa = PBXFileReference; lastKnownFileType = sourcecode.swift; path = ContentView.swift; sourceTree = "<group>"; };
		BFBA809B2BF5107D000FE46B /* Assets.xcassets */ = {isa = PBXFileReference; lastKnownFileType = folder.assetcatalog; path = Assets.xcassets; sourceTree = "<group>"; };
		BFBA809E2BF5107D000FE46B /* Preview Assets.xcassets */ = {isa = PBXFileReference; lastKnownFileType = folder.assetcatalog; path = "Preview Assets.xcassets"; sourceTree = "<group>"; };
		BFCFCBDF2C0364C1004129C7 /* ProgressBarView.swift */ = {isa = PBXFileReference; lastKnownFileType = sourcecode.swift; path = ProgressBarView.swift; sourceTree = "<group>"; };
		BFF13FD52C01B460008C92AF /* AudioMonitor.swift */ = {isa = PBXFileReference; lastKnownFileType = sourcecode.swift; path = AudioMonitor.swift; sourceTree = "<group>"; };
		BFF13FD72C01B7A7008C92AF /* SafEar-Bridging-Header.h */ = {isa = PBXFileReference; lastKnownFileType = sourcecode.c.h; path = "SafEar-Bridging-Header.h"; sourceTree = "<group>"; };
		BFF13FEA2C01CD32008C92AF /* AudioOutputMonitor.m */ = {isa = PBXFileReference; lastKnownFileType = sourcecode.c.objc; path = AudioOutputMonitor.m; sourceTree = "<group>"; };
		BFF13FEC2C01CD50008C92AF /* AudioOutputMonitor.h */ = {isa = PBXFileReference; lastKnownFileType = sourcecode.c.h; path = AudioOutputMonitor.h; sourceTree = "<group>"; };
/* End PBXFileReference section */

/* Begin PBXFrameworksBuildPhase section */
		BFBA807F2BF5107C000FE46B /* Frameworks */ = {
			isa = PBXFrameworksBuildPhase;
			buildActionMask = 2147483647;
			files = (
			);
			runOnlyForDeploymentPostprocessing = 0;
		};
		BFBA808F2BF5107C000FE46B /* Frameworks */ = {
			isa = PBXFrameworksBuildPhase;
			buildActionMask = 2147483647;
			files = (
			);
			runOnlyForDeploymentPostprocessing = 0;
		};
/* End PBXFrameworksBuildPhase section */

/* Begin PBXGroup section */
		BF762BEA2BFCAA94006EC984 /* Views */ = {
			isa = PBXGroup;
			children = (
				BFBA80992BF5107C000FE46B /* ContentView.swift */,
				BF8E475B2C030DC9007488D2 /* Summary.swift */,
				BF8E475E2C030DF3007488D2 /* Warning.swift */,
				BF8E47612C030E15007488D2 /* WeeklyExposure.swift */,
				BF8E47642C0321B9007488D2 /* StopWatch.swift */,
				BFCFCBDF2C0364C1004129C7 /* ProgressBarView.swift */,
				BF262FF12C04281700ACCD6B /* Home.swift */,
			);
			path = Views;
			sourceTree = "<group>";
		};
		BF7B53982BFD033E0001435F /* Audio */ = {
			isa = PBXGroup;
			children = (
				BFF13FD52C01B460008C92AF /* AudioMonitor.swift */,
				BFF13FD72C01B7A7008C92AF /* SafEar-Bridging-Header.h */,
				BFF13FEA2C01CD32008C92AF /* AudioOutputMonitor.m */,
				BFF13FEC2C01CD50008C92AF /* AudioOutputMonitor.h */,
			);
			path = Audio;
			sourceTree = "<group>";
		};
		BF8E47522C0309D7007488D2 /* Routing */ = {
			isa = PBXGroup;
			children = (
				BF8E47552C030C55007488D2 /* Router.swift */,
			);
			path = Routing;
			sourceTree = "<group>";
		};
		BF9CFB2F2BF5E54300D67492 /* Health */ = {
			isa = PBXGroup;
			children = (
				BF9CFB302BF5E55F00D67492 /* HealthManager.swift */,
			);
			path = Health;
			sourceTree = "<group>";
		};
		BFBA80792BF5107B000FE46B = {
			isa = PBXGroup;
			children = (
				BF8E47522C0309D7007488D2 /* Routing */,
				BFE035F42BFDE48B00D13791 /* ViewModel */,
				BF7B53982BFD033E0001435F /* Audio */,
				BF9CFB2F2BF5E54300D67492 /* Health */,
				BFBA80842BF5107C000FE46B /* SafEar */,
				BFBA80962BF5107C000FE46B /* SafEar Watch App */,
				BFBA80832BF5107C000FE46B /* Products */,
			);
			sourceTree = "<group>";
		};
		BFBA80832BF5107C000FE46B /* Products */ = {
			isa = PBXGroup;
			children = (
				BFBA80822BF5107C000FE46B /* SafEar.app */,
				BFBA80922BF5107C000FE46B /* SafEar Watch App.app */,
			);
			name = Products;
			sourceTree = "<group>";
		};
		BFBA80842BF5107C000FE46B /* SafEar */ = {
			isa = PBXGroup;
			children = (
				BF0403972BFA37AB00D20D32 /* Info.plist */,
				BF9CFB342BF5E5D300D67492 /* SafEar.entitlements */,
				BFBA80852BF5107C000FE46B /* SafEarApp.swift */,
				BFBA80872BF5107C000FE46B /* ContentView.swift */,
				BFBA80892BF5107C000FE46B /* Assets.xcassets */,
				BFBA808B2BF5107C000FE46B /* Preview Content */,
			);
			path = SafEar;
			sourceTree = "<group>";
		};
		BFBA808B2BF5107C000FE46B /* Preview Content */ = {
			isa = PBXGroup;
			children = (
				BFBA808C2BF5107C000FE46B /* Preview Assets.xcassets */,
			);
			path = "Preview Content";
			sourceTree = "<group>";
		};
		BFBA80962BF5107C000FE46B /* SafEar Watch App */ = {
			isa = PBXGroup;
			children = (
				BF762BEA2BFCAA94006EC984 /* Views */,
				BF9CFB332BF5E5C700D67492 /* SafEar Watch App.entitlements */,
				BFBA80972BF5107C000FE46B /* SafEarApp.swift */,
				BFBA809B2BF5107D000FE46B /* Assets.xcassets */,
				BFBA809D2BF5107D000FE46B /* Preview Content */,
			);
			path = "SafEar Watch App";
			sourceTree = "<group>";
		};
		BFBA809D2BF5107D000FE46B /* Preview Content */ = {
			isa = PBXGroup;
			children = (
				BFBA809E2BF5107D000FE46B /* Preview Assets.xcassets */,
			);
			path = "Preview Content";
			sourceTree = "<group>";
		};
		BFE035F42BFDE48B00D13791 /* ViewModel */ = {
			isa = PBXGroup;
			children = (
				BF8025DD2BFDE54300E450F6 /* StopWatchViewModel.swift */,
			);
			path = ViewModel;
			sourceTree = "<group>";
		};
/* End PBXGroup section */

/* Begin PBXNativeTarget section */
		BFBA80812BF5107C000FE46B /* SafEar */ = {
			isa = PBXNativeTarget;
			buildConfigurationList = BFBA80A62BF5107D000FE46B /* Build configuration list for PBXNativeTarget "SafEar" */;
			buildPhases = (
				BFBA807E2BF5107C000FE46B /* Sources */,
				BFBA807F2BF5107C000FE46B /* Frameworks */,
				BFBA80802BF5107C000FE46B /* Resources */,
				BFBA80A52BF5107D000FE46B /* Embed Watch Content */,
			);
			buildRules = (
			);
			dependencies = (
				BFBA80952BF5107C000FE46B /* PBXTargetDependency */,
			);
			name = SafEar;
			productName = SafEar;
			productReference = BFBA80822BF5107C000FE46B /* SafEar.app */;
			productType = "com.apple.product-type.application";
		};
		BFBA80912BF5107C000FE46B /* SafEar Watch App */ = {
			isa = PBXNativeTarget;
			buildConfigurationList = BFBA80A22BF5107D000FE46B /* Build configuration list for PBXNativeTarget "SafEar Watch App" */;
			buildPhases = (
				BFBA808E2BF5107C000FE46B /* Sources */,
				BFBA808F2BF5107C000FE46B /* Frameworks */,
				BFBA80902BF5107C000FE46B /* Resources */,
			);
			buildRules = (
			);
			dependencies = (
			);
			name = "SafEar Watch App";
			productName = "SafEar Watch App";
			productReference = BFBA80922BF5107C000FE46B /* SafEar Watch App.app */;
			productType = "com.apple.product-type.application";
		};
/* End PBXNativeTarget section */

/* Begin PBXProject section */
		BFBA807A2BF5107B000FE46B /* Project object */ = {
			isa = PBXProject;
			attributes = {
				BuildIndependentTargetsInParallel = 1;
				LastSwiftUpdateCheck = 1520;
				LastUpgradeCheck = 1520;
				TargetAttributes = {
					BFBA80812BF5107C000FE46B = {
						CreatedOnToolsVersion = 15.2;
						LastSwiftMigration = 1520;
					};
					BFBA80912BF5107C000FE46B = {
						CreatedOnToolsVersion = 15.2;
						LastSwiftMigration = 1520;
					};
				};
			};
			buildConfigurationList = BFBA807D2BF5107B000FE46B /* Build configuration list for PBXProject "SafEar" */;
			compatibilityVersion = "Xcode 14.0";
			developmentRegion = en;
			hasScannedForEncodings = 0;
			knownRegions = (
				en,
				Base,
			);
			mainGroup = BFBA80792BF5107B000FE46B;
			productRefGroup = BFBA80832BF5107C000FE46B /* Products */;
			projectDirPath = "";
			projectRoot = "";
			targets = (
				BFBA80812BF5107C000FE46B /* SafEar */,
				BFBA80912BF5107C000FE46B /* SafEar Watch App */,
			);
		};
/* End PBXProject section */

/* Begin PBXResourcesBuildPhase section */
		BFBA80802BF5107C000FE46B /* Resources */ = {
			isa = PBXResourcesBuildPhase;
			buildActionMask = 2147483647;
			files = (
				BFBA808D2BF5107C000FE46B /* Preview Assets.xcassets in Resources */,
				BFBA808A2BF5107C000FE46B /* Assets.xcassets in Resources */,
			);
			runOnlyForDeploymentPostprocessing = 0;
		};
		BFBA80902BF5107C000FE46B /* Resources */ = {
			isa = PBXResourcesBuildPhase;
			buildActionMask = 2147483647;
			files = (
				BFBA809F2BF5107D000FE46B /* Preview Assets.xcassets in Resources */,
				BFBA809C2BF5107D000FE46B /* Assets.xcassets in Resources */,
			);
			runOnlyForDeploymentPostprocessing = 0;
		};
/* End PBXResourcesBuildPhase section */

/* Begin PBXSourcesBuildPhase section */
		BFBA807E2BF5107C000FE46B /* Sources */ = {
			isa = PBXSourcesBuildPhase;
			buildActionMask = 2147483647;
			files = (
				BFBA80882BF5107C000FE46B /* ContentView.swift in Sources */,
				BFCFCBE02C0364C1004129C7 /* ProgressBarView.swift in Sources */,
				BF8E47652C0321B9007488D2 /* StopWatch.swift in Sources */,
				BF8E475C2C030DC9007488D2 /* Summary.swift in Sources */,
				BF8E475F2C030DF3007488D2 /* Warning.swift in Sources */,
				BF8E47622C030E15007488D2 /* WeeklyExposure.swift in Sources */,
				BF9CFB312BF5E55F00D67492 /* HealthManager.swift in Sources */,
				BFF13FEB2C01CD32008C92AF /* AudioOutputMonitor.m in Sources */,
				BF8E47562C030C55007488D2 /* Router.swift in Sources */,
				BFBA80862BF5107C000FE46B /* SafEarApp.swift in Sources */,
				BFF13FD62C01B460008C92AF /* AudioMonitor.swift in Sources */,
				BF8025DE2BFDE54300E450F6 /* StopWatchViewModel.swift in Sources */,
			);
			runOnlyForDeploymentPostprocessing = 0;
		};
		BFBA808E2BF5107C000FE46B /* Sources */ = {
			isa = PBXSourcesBuildPhase;
			buildActionMask = 2147483647;
			files = (
				BFBA809A2BF5107C000FE46B /* ContentView.swift in Sources */,
				BF8E47602C030DF3007488D2 /* Warning.swift in Sources */,
				BF9CFB322BF5E55F00D67492 /* HealthManager.swift in Sources */,
				BF262FF22C04281700ACCD6B /* Home.swift in Sources */,
				BFBA80982BF5107C000FE46B /* SafEarApp.swift in Sources */,
				BF8E47572C030C55007488D2 /* Router.swift in Sources */,
				BF8E47632C030E15007488D2 /* WeeklyExposure.swift in Sources */,
				BF8E47662C0321B9007488D2 /* StopWatch.swift in Sources */,
				BF8E475D2C030DC9007488D2 /* Summary.swift in Sources */,
				BF8025DF2BFDE54300E450F6 /* StopWatchViewModel.swift in Sources */,
				BFCFCBE12C0364C1004129C7 /* ProgressBarView.swift in Sources */,
			);
			runOnlyForDeploymentPostprocessing = 0;
		};
/* End PBXSourcesBuildPhase section */

/* Begin PBXTargetDependency section */
		BFBA80952BF5107C000FE46B /* PBXTargetDependency */ = {
			isa = PBXTargetDependency;
			target = BFBA80912BF5107C000FE46B /* SafEar Watch App */;
			targetProxy = BFBA80942BF5107C000FE46B /* PBXContainerItemProxy */;
		};
/* End PBXTargetDependency section */

/* Begin XCBuildConfiguration section */
		BFBA80A02BF5107D000FE46B /* Debug */ = {
			isa = XCBuildConfiguration;
			buildSettings = {
				ALWAYS_SEARCH_USER_PATHS = NO;
				ASSETCATALOG_COMPILER_GENERATE_SWIFT_ASSET_SYMBOL_EXTENSIONS = YES;
				CLANG_ANALYZER_NONNULL = YES;
				CLANG_ANALYZER_NUMBER_OBJECT_CONVERSION = YES_AGGRESSIVE;
				CLANG_CXX_LANGUAGE_STANDARD = "gnu++20";
				CLANG_ENABLE_MODULES = YES;
				CLANG_ENABLE_OBJC_ARC = YES;
				CLANG_ENABLE_OBJC_WEAK = YES;
				CLANG_WARN_BLOCK_CAPTURE_AUTORELEASING = YES;
				CLANG_WARN_BOOL_CONVERSION = YES;
				CLANG_WARN_COMMA = YES;
				CLANG_WARN_CONSTANT_CONVERSION = YES;
				CLANG_WARN_DEPRECATED_OBJC_IMPLEMENTATIONS = YES;
				CLANG_WARN_DIRECT_OBJC_ISA_USAGE = YES_ERROR;
				CLANG_WARN_DOCUMENTATION_COMMENTS = YES;
				CLANG_WARN_EMPTY_BODY = YES;
				CLANG_WARN_ENUM_CONVERSION = YES;
				CLANG_WARN_INFINITE_RECURSION = YES;
				CLANG_WARN_INT_CONVERSION = YES;
				CLANG_WARN_NON_LITERAL_NULL_CONVERSION = YES;
				CLANG_WARN_OBJC_IMPLICIT_RETAIN_SELF = YES;
				CLANG_WARN_OBJC_LITERAL_CONVERSION = YES;
				CLANG_WARN_OBJC_ROOT_CLASS = YES_ERROR;
				CLANG_WARN_QUOTED_INCLUDE_IN_FRAMEWORK_HEADER = YES;
				CLANG_WARN_RANGE_LOOP_ANALYSIS = YES;
				CLANG_WARN_STRICT_PROTOTYPES = YES;
				CLANG_WARN_SUSPICIOUS_MOVE = YES;
				CLANG_WARN_UNGUARDED_AVAILABILITY = YES_AGGRESSIVE;
				CLANG_WARN_UNREACHABLE_CODE = YES;
				CLANG_WARN__DUPLICATE_METHOD_MATCH = YES;
				COPY_PHASE_STRIP = NO;
				DEBUG_INFORMATION_FORMAT = dwarf;
				ENABLE_STRICT_OBJC_MSGSEND = YES;
				ENABLE_TESTABILITY = YES;
				ENABLE_USER_SCRIPT_SANDBOXING = YES;
				GCC_C_LANGUAGE_STANDARD = gnu17;
				GCC_DYNAMIC_NO_PIC = NO;
				GCC_NO_COMMON_BLOCKS = YES;
				GCC_OPTIMIZATION_LEVEL = 0;
				GCC_PREPROCESSOR_DEFINITIONS = (
					"DEBUG=1",
					"$(inherited)",
				);
				GCC_WARN_64_TO_32_BIT_CONVERSION = YES;
				GCC_WARN_ABOUT_RETURN_TYPE = YES_ERROR;
				GCC_WARN_UNDECLARED_SELECTOR = YES;
				GCC_WARN_UNINITIALIZED_AUTOS = YES_AGGRESSIVE;
				GCC_WARN_UNUSED_FUNCTION = YES;
				GCC_WARN_UNUSED_VARIABLE = YES;
				LOCALIZATION_PREFERS_STRING_CATALOGS = YES;
				MTL_ENABLE_DEBUG_INFO = INCLUDE_SOURCE;
				MTL_FAST_MATH = YES;
				ONLY_ACTIVE_ARCH = YES;
				SWIFT_ACTIVE_COMPILATION_CONDITIONS = "DEBUG $(inherited)";
				SWIFT_OPTIMIZATION_LEVEL = "-Onone";
			};
			name = Debug;
		};
		BFBA80A12BF5107D000FE46B /* Release */ = {
			isa = XCBuildConfiguration;
			buildSettings = {
				ALWAYS_SEARCH_USER_PATHS = NO;
				ASSETCATALOG_COMPILER_GENERATE_SWIFT_ASSET_SYMBOL_EXTENSIONS = YES;
				CLANG_ANALYZER_NONNULL = YES;
				CLANG_ANALYZER_NUMBER_OBJECT_CONVERSION = YES_AGGRESSIVE;
				CLANG_CXX_LANGUAGE_STANDARD = "gnu++20";
				CLANG_ENABLE_MODULES = YES;
				CLANG_ENABLE_OBJC_ARC = YES;
				CLANG_ENABLE_OBJC_WEAK = YES;
				CLANG_WARN_BLOCK_CAPTURE_AUTORELEASING = YES;
				CLANG_WARN_BOOL_CONVERSION = YES;
				CLANG_WARN_COMMA = YES;
				CLANG_WARN_CONSTANT_CONVERSION = YES;
				CLANG_WARN_DEPRECATED_OBJC_IMPLEMENTATIONS = YES;
				CLANG_WARN_DIRECT_OBJC_ISA_USAGE = YES_ERROR;
				CLANG_WARN_DOCUMENTATION_COMMENTS = YES;
				CLANG_WARN_EMPTY_BODY = YES;
				CLANG_WARN_ENUM_CONVERSION = YES;
				CLANG_WARN_INFINITE_RECURSION = YES;
				CLANG_WARN_INT_CONVERSION = YES;
				CLANG_WARN_NON_LITERAL_NULL_CONVERSION = YES;
				CLANG_WARN_OBJC_IMPLICIT_RETAIN_SELF = YES;
				CLANG_WARN_OBJC_LITERAL_CONVERSION = YES;
				CLANG_WARN_OBJC_ROOT_CLASS = YES_ERROR;
				CLANG_WARN_QUOTED_INCLUDE_IN_FRAMEWORK_HEADER = YES;
				CLANG_WARN_RANGE_LOOP_ANALYSIS = YES;
				CLANG_WARN_STRICT_PROTOTYPES = YES;
				CLANG_WARN_SUSPICIOUS_MOVE = YES;
				CLANG_WARN_UNGUARDED_AVAILABILITY = YES_AGGRESSIVE;
				CLANG_WARN_UNREACHABLE_CODE = YES;
				CLANG_WARN__DUPLICATE_METHOD_MATCH = YES;
				COPY_PHASE_STRIP = NO;
				DEBUG_INFORMATION_FORMAT = "dwarf-with-dsym";
				ENABLE_NS_ASSERTIONS = NO;
				ENABLE_STRICT_OBJC_MSGSEND = YES;
				ENABLE_USER_SCRIPT_SANDBOXING = YES;
				GCC_C_LANGUAGE_STANDARD = gnu17;
				GCC_NO_COMMON_BLOCKS = YES;
				GCC_WARN_64_TO_32_BIT_CONVERSION = YES;
				GCC_WARN_ABOUT_RETURN_TYPE = YES_ERROR;
				GCC_WARN_UNDECLARED_SELECTOR = YES;
				GCC_WARN_UNINITIALIZED_AUTOS = YES_AGGRESSIVE;
				GCC_WARN_UNUSED_FUNCTION = YES;
				GCC_WARN_UNUSED_VARIABLE = YES;
				LOCALIZATION_PREFERS_STRING_CATALOGS = YES;
				MTL_ENABLE_DEBUG_INFO = NO;
				MTL_FAST_MATH = YES;
				SWIFT_COMPILATION_MODE = wholemodule;
			};
			name = Release;
		};
		BFBA80A32BF5107D000FE46B /* Debug */ = {
			isa = XCBuildConfiguration;
			buildSettings = {
				ASSETCATALOG_COMPILER_APPICON_NAME = AppIcon;
				ASSETCATALOG_COMPILER_GLOBAL_ACCENT_COLOR_NAME = AccentColor;
				CLANG_ENABLE_MODULES = NO;
				CODE_SIGN_ENTITLEMENTS = "SafEar Watch App/SafEar Watch App.entitlements";
				CODE_SIGN_STYLE = Automatic;
				CURRENT_PROJECT_VERSION = 1;
				DEVELOPMENT_ASSET_PATHS = "\"SafEar Watch App/Preview Content\"";
				DEVELOPMENT_TEAM = 7DK5H7RWQJ;
				ENABLE_PREVIEWS = YES;
				GENERATE_INFOPLIST_FILE = YES;
				INFOPLIST_KEY_CFBundleDisplayName = SafEar;
				INFOPLIST_KEY_NSHealthShareUsageDescription = "We need access to your headphone audio levels to monitor your listening habits.";
				INFOPLIST_KEY_UISupportedInterfaceOrientations = "UIInterfaceOrientationPortrait UIInterfaceOrientationPortraitUpsideDown";
				INFOPLIST_KEY_WKCompanionAppBundleIdentifier = nanoRHINOS.SafEar;
				LD_RUNPATH_SEARCH_PATHS = (
					"$(inherited)",
					"@executable_path/Frameworks",
				);
				MARKETING_VERSION = 1.0;
				PRODUCT_BUNDLE_IDENTIFIER = nanoRHINOS.SafEar.watchkitapp;
				PRODUCT_NAME = "$(TARGET_NAME)";
				SDKROOT = watchos;
				SKIP_INSTALL = YES;
				SWIFT_EMIT_LOC_STRINGS = YES;
				SWIFT_OBJC_BRIDGING_HEADER = "Audio/SafEar Watch App-Bridging-Header.h";
				SWIFT_OPTIMIZATION_LEVEL = "-Onone";
				SWIFT_VERSION = 5.0;
				TARGETED_DEVICE_FAMILY = 4;
				WATCHOS_DEPLOYMENT_TARGET = 10.2;
			};
			name = Debug;
		};
		BFBA80A42BF5107D000FE46B /* Release */ = {
			isa = XCBuildConfiguration;
			buildSettings = {
				ASSETCATALOG_COMPILER_APPICON_NAME = AppIcon;
				ASSETCATALOG_COMPILER_GLOBAL_ACCENT_COLOR_NAME = AccentColor;
				CLANG_ENABLE_MODULES = NO;
				CODE_SIGN_ENTITLEMENTS = "SafEar Watch App/SafEar Watch App.entitlements";
				CODE_SIGN_STYLE = Automatic;
				CURRENT_PROJECT_VERSION = 1;
				DEVELOPMENT_ASSET_PATHS = "\"SafEar Watch App/Preview Content\"";
				DEVELOPMENT_TEAM = 7DK5H7RWQJ;
				ENABLE_PREVIEWS = YES;
				GENERATE_INFOPLIST_FILE = YES;
				INFOPLIST_KEY_CFBundleDisplayName = SafEar;
				INFOPLIST_KEY_NSHealthShareUsageDescription = "We need access to your headphone audio levels to monitor your listening habits.";
				INFOPLIST_KEY_UISupportedInterfaceOrientations = "UIInterfaceOrientationPortrait UIInterfaceOrientationPortraitUpsideDown";
				INFOPLIST_KEY_WKCompanionAppBundleIdentifier = nanoRHINOS.SafEar;
				LD_RUNPATH_SEARCH_PATHS = (
					"$(inherited)",
					"@executable_path/Frameworks",
				);
				MARKETING_VERSION = 1.0;
				PRODUCT_BUNDLE_IDENTIFIER = nanoRHINOS.SafEar.watchkitapp;
				PRODUCT_NAME = "$(TARGET_NAME)";
				SDKROOT = watchos;
				SKIP_INSTALL = YES;
				SWIFT_EMIT_LOC_STRINGS = YES;
				SWIFT_OBJC_BRIDGING_HEADER = "Audio/SafEar Watch App-Bridging-Header.h";
				SWIFT_VERSION = 5.0;
				TARGETED_DEVICE_FAMILY = 4;
				VALIDATE_PRODUCT = YES;
				WATCHOS_DEPLOYMENT_TARGET = 10.2;
			};
			name = Release;
		};
		BFBA80A72BF5107D000FE46B /* Debug */ = {
			isa = XCBuildConfiguration;
			buildSettings = {
				ALWAYS_EMBED_SWIFT_STANDARD_LIBRARIES = YES;
				ASSETCATALOG_COMPILER_APPICON_NAME = AppIcon;
				ASSETCATALOG_COMPILER_GLOBAL_ACCENT_COLOR_NAME = AccentColor;
				CLANG_ENABLE_MODULES = YES;
				CODE_SIGN_ENTITLEMENTS = SafEar/SafEar.entitlements;
				CODE_SIGN_STYLE = Automatic;
				CURRENT_PROJECT_VERSION = 1;
				DEVELOPMENT_ASSET_PATHS = "\"SafEar/Preview Content\"";
				DEVELOPMENT_TEAM = 7DK5H7RWQJ;
				ENABLE_PREVIEWS = YES;
				GENERATE_INFOPLIST_FILE = YES;
				INFOPLIST_FILE = SafEar/Info.plist;
				INFOPLIST_KEY_CFBundleDisplayName = SafEar;
				INFOPLIST_KEY_LSApplicationCategoryType = "";
				INFOPLIST_KEY_NSHealthShareUsageDescription = "We need access to your headphone audio levels to monitor your listening habits.";
				INFOPLIST_KEY_UIApplicationSceneManifest_Generation = YES;
				INFOPLIST_KEY_UIApplicationSupportsIndirectInputEvents = YES;
				INFOPLIST_KEY_UILaunchScreen_Generation = YES;
				INFOPLIST_KEY_UISupportedInterfaceOrientations_iPad = "UIInterfaceOrientationPortrait UIInterfaceOrientationPortraitUpsideDown UIInterfaceOrientationLandscapeLeft UIInterfaceOrientationLandscapeRight";
				INFOPLIST_KEY_UISupportedInterfaceOrientations_iPhone = "UIInterfaceOrientationPortrait UIInterfaceOrientationLandscapeLeft UIInterfaceOrientationLandscapeRight";
				IPHONEOS_DEPLOYMENT_TARGET = 17.2;
				LD_RUNPATH_SEARCH_PATHS = (
					"$(inherited)",
					"@executable_path/Frameworks",
				);
				MARKETING_VERSION = 1.0;
				PRODUCT_BUNDLE_IDENTIFIER = nanoRHINOS.SafEar;
				PRODUCT_NAME = "$(TARGET_NAME)";
				SDKROOT = iphoneos;
				SWIFT_EMIT_LOC_STRINGS = YES;
				SWIFT_OBJC_BRIDGING_HEADER = "Audio/SafEar-Bridging-Header.h";
				SWIFT_OPTIMIZATION_LEVEL = "-Onone";
				SWIFT_VERSION = 5.0;
				TARGETED_DEVICE_FAMILY = "1,2";
			};
			name = Debug;
		};
		BFBA80A82BF5107D000FE46B /* Release */ = {
			isa = XCBuildConfiguration;
			buildSettings = {
				ALWAYS_EMBED_SWIFT_STANDARD_LIBRARIES = YES;
				ASSETCATALOG_COMPILER_APPICON_NAME = AppIcon;
				ASSETCATALOG_COMPILER_GLOBAL_ACCENT_COLOR_NAME = AccentColor;
				CLANG_ENABLE_MODULES = YES;
				CODE_SIGN_ENTITLEMENTS = SafEar/SafEar.entitlements;
				CODE_SIGN_STYLE = Automatic;
				CURRENT_PROJECT_VERSION = 1;
				DEVELOPMENT_ASSET_PATHS = "\"SafEar/Preview Content\"";
				DEVELOPMENT_TEAM = 7DK5H7RWQJ;
				ENABLE_PREVIEWS = YES;
				GENERATE_INFOPLIST_FILE = YES;
				INFOPLIST_FILE = SafEar/Info.plist;
				INFOPLIST_KEY_CFBundleDisplayName = SafEar;
				INFOPLIST_KEY_LSApplicationCategoryType = "";
				INFOPLIST_KEY_NSHealthShareUsageDescription = "We need access to your headphone audio levels to monitor your listening habits.";
				INFOPLIST_KEY_UIApplicationSceneManifest_Generation = YES;
				INFOPLIST_KEY_UIApplicationSupportsIndirectInputEvents = YES;
				INFOPLIST_KEY_UILaunchScreen_Generation = YES;
				INFOPLIST_KEY_UISupportedInterfaceOrientations_iPad = "UIInterfaceOrientationPortrait UIInterfaceOrientationPortraitUpsideDown UIInterfaceOrientationLandscapeLeft UIInterfaceOrientationLandscapeRight";
				INFOPLIST_KEY_UISupportedInterfaceOrientations_iPhone = "UIInterfaceOrientationPortrait UIInterfaceOrientationLandscapeLeft UIInterfaceOrientationLandscapeRight";
				IPHONEOS_DEPLOYMENT_TARGET = 17.2;
				LD_RUNPATH_SEARCH_PATHS = (
					"$(inherited)",
					"@executable_path/Frameworks",
				);
				MARKETING_VERSION = 1.0;
				PRODUCT_BUNDLE_IDENTIFIER = nanoRHINOS.SafEar;
				PRODUCT_NAME = "$(TARGET_NAME)";
				SDKROOT = iphoneos;
				SWIFT_EMIT_LOC_STRINGS = YES;
				SWIFT_OBJC_BRIDGING_HEADER = "Audio/SafEar-Bridging-Header.h";
				SWIFT_VERSION = 5.0;
				TARGETED_DEVICE_FAMILY = "1,2";
				VALIDATE_PRODUCT = YES;
			};
			name = Release;
		};
/* End XCBuildConfiguration section */

/* Begin XCConfigurationList section */
		BFBA807D2BF5107B000FE46B /* Build configuration list for PBXProject "SafEar" */ = {
			isa = XCConfigurationList;
			buildConfigurations = (
				BFBA80A02BF5107D000FE46B /* Debug */,
				BFBA80A12BF5107D000FE46B /* Release */,
			);
			defaultConfigurationIsVisible = 0;
			defaultConfigurationName = Release;
		};
		BFBA80A22BF5107D000FE46B /* Build configuration list for PBXNativeTarget "SafEar Watch App" */ = {
			isa = XCConfigurationList;
			buildConfigurations = (
				BFBA80A32BF5107D000FE46B /* Debug */,
				BFBA80A42BF5107D000FE46B /* Release */,
			);
			defaultConfigurationIsVisible = 0;
			defaultConfigurationName = Release;
		};
		BFBA80A62BF5107D000FE46B /* Build configuration list for PBXNativeTarget "SafEar" */ = {
			isa = XCConfigurationList;
			buildConfigurations = (
				BFBA80A72BF5107D000FE46B /* Debug */,
				BFBA80A82BF5107D000FE46B /* Release */,
			);
			defaultConfigurationIsVisible = 0;
			defaultConfigurationName = Release;
		};
/* End XCConfigurationList section */
	};
	rootObject = BFBA807A2BF5107B000FE46B /* Project object */;
}
